
Microsoft Visual Studio Solution File, Format Version 12.00
# Visual Studio Version 16
VisualStudioVersion = 16.0.31205.134
MinimumVisualStudioVersion = 10.0.40219.1
Project("{FAE04EC0-301F-11D3-BF4B-00C04F79EFBC}") = "QLBanHangK63", "QLBanHangK63\QLBanHangK63.csproj", "{C505E092-DBB2-4880-9731-791704AE8EEF}"
EndProject
Global
	GlobalSection(SolutionConfigurationPlatforms) = preSolution
		Debug|Any CPU = Debug|Any CPU
		Release|Any CPU = Release|Any CPU
	EndGlobalSection
	GlobalSection(ProjectConfigurationPlatforms) = postSolution
		{C505E092-DBB2-4880-9731-791704AE8EEF}.Debug|Any CPU.ActiveCfg = Debug|Any CPU
		{C505E092-DBB2-4880-9731-791704AE8EEF}.Debug|Any CPU.Build.0 = Debug|Any CPU
		{C505E092-DBB2-4880-9731-791704AE8EEF}.Release|Any CPU.ActiveCfg = Release|Any CPU
		{C505E092-DBB2-4880-9731-791704AE8EEF}.Release|Any CPU.Build.0 = Release|Any CPU
	EndGlobalSection
	GlobalSection(SolutionProperties) = preSolution
		HideSolutionNode = FALSE
	EndGlobalSection
	GlobalSection(ExtensibilityGlobals) = postSolution
		SolutionGuid = {2DAA6C4D-8E05-4007-81D5-4590F6463F99}
	EndGlobalSection
EndGlobal
